// !$*UTF8*$!
{
	archiveVersion = 1;
	classes = {
	};
	objectVersion = 48;
	objects = {

/* Begin PBXBuildFile section */
		179FAB0C2004F0F300ACE540 /* AppDelegate.swift in Sources */ = {isa = PBXBuildFile; fileRef = 179FAB0B2004F0F300ACE540 /* AppDelegate.swift */; };
		179FAB0E2004F0F300ACE540 /* ViewController.swift in Sources */ = {isa = PBXBuildFile; fileRef = 179FAB0D2004F0F300ACE540 /* ViewController.swift */; };
		179FAB112004F0F300ACE540 /* Main.storyboard in Resources */ = {isa = PBXBuildFile; fileRef = 179FAB0F2004F0F300ACE540 /* Main.storyboard */; };
		179FAB132004F0F300ACE540 /* Assets.xcassets in Resources */ = {isa = PBXBuildFile; fileRef = 179FAB122004F0F300ACE540 /* Assets.xcassets */; };
		179FAB162004F0F300ACE540 /* LaunchScreen.storyboard in Resources */ = {isa = PBXBuildFile; fileRef = 179FAB142004F0F300ACE540 /* LaunchScreen.storyboard */; };
		179FAB212004F0F300ACE540 /* FateExtraMemoTests.swift in Sources */ = {isa = PBXBuildFile; fileRef = 179FAB202004F0F300ACE540 /* FateExtraMemoTests.swift */; };
		179FAB2C2004F0F300ACE540 /* FateExtraMemoUITests.swift in Sources */ = {isa = PBXBuildFile; fileRef = 179FAB2B2004F0F300ACE540 /* FateExtraMemoUITests.swift */; };
		179FAB3A2004F19500ACE540 /* EnemiesTableViewController.swift in Sources */ = {isa = PBXBuildFile; fileRef = 179FAB392004F19500ACE540 /* EnemiesTableViewController.swift */; };
		179FAB3C2004F1EE00ACE540 /* EnemyRepository.swift in Sources */ = {isa = PBXBuildFile; fileRef = 179FAB3B2004F1EE00ACE540 /* EnemyRepository.swift */; };
		179FAB3E2004F21000ACE540 /* Emeny.swift in Sources */ = {isa = PBXBuildFile; fileRef = 179FAB3D2004F21000ACE540 /* Emeny.swift */; };
		179FAB402004F5CC00ACE540 /* EnemyViewController.swift in Sources */ = {isa = PBXBuildFile; fileRef = 179FAB3F2004F5CC00ACE540 /* EnemyViewController.swift */; };
		179FAB42200512E100ACE540 /* EnemyPatternsTableViewController.swift in Sources */ = {isa = PBXBuildFile; fileRef = 179FAB41200512E100ACE540 /* EnemyPatternsTableViewController.swift */; };
		179FAB442005131100ACE540 /* EnemyPatternsTableDetailViewController.swift in Sources */ = {isa = PBXBuildFile; fileRef = 179FAB432005131100ACE540 /* EnemyPatternsTableDetailViewController.swift */; };
		179FAB462005132E00ACE540 /* AssociatedSegue.swift in Sources */ = {isa = PBXBuildFile; fileRef = 179FAB452005132E00ACE540 /* AssociatedSegue.swift */; };
		179FAB482005196100ACE540 /* Controller.storyboard in Resources */ = {isa = PBXBuildFile; fileRef = 179FAB472005196100ACE540 /* Controller.storyboard */; };
		179FAB4B20051F9B00ACE540 /* ControllerViewController.swift in Sources */ = {isa = PBXBuildFile; fileRef = 179FAB4A20051F9B00ACE540 /* ControllerViewController.swift */; };
		179FAB4D2005228E00ACE540 /* PatternCollectionViewController.swift in Sources */ = {isa = PBXBuildFile; fileRef = 179FAB4C2005228E00ACE540 /* PatternCollectionViewController.swift */; };
		179FAB4F200522A500ACE540 /* PatternCollection.storyboard in Resources */ = {isa = PBXBuildFile; fileRef = 179FAB4E200522A500ACE540 /* PatternCollection.storyboard */; };
		179FAB522005231E00ACE540 /* PatternCollectionViewCell.swift in Sources */ = {isa = PBXBuildFile; fileRef = 179FAB512005231E00ACE540 /* PatternCollectionViewCell.swift */; };
/* End PBXBuildFile section */

/* Begin PBXContainerItemProxy section */
		179FAB1D2004F0F300ACE540 /* PBXContainerItemProxy */ = {
			isa = PBXContainerItemProxy;
			containerPortal = 179FAB002004F0F300ACE540 /* Project object */;
			proxyType = 1;
			remoteGlobalIDString = 179FAB072004F0F300ACE540;
			remoteInfo = FateExtraMemo;
		};
		179FAB282004F0F300ACE540 /* PBXContainerItemProxy */ = {
			isa = PBXContainerItemProxy;
			containerPortal = 179FAB002004F0F300ACE540 /* Project object */;
			proxyType = 1;
			remoteGlobalIDString = 179FAB072004F0F300ACE540;
			remoteInfo = FateExtraMemo;
		};
/* End PBXContainerItemProxy section */

/* Begin PBXFileReference section */
		179FAB082004F0F300ACE540 /* FateExtraMemo.app */ = {isa = PBXFileReference; explicitFileType = wrapper.application; includeInIndex = 0; path = FateExtraMemo.app; sourceTree = BUILT_PRODUCTS_DIR; };
		179FAB0B2004F0F300ACE540 /* AppDelegate.swift */ = {isa = PBXFileReference; lastKnownFileType = sourcecode.swift; path = AppDelegate.swift; sourceTree = "<group>"; };
		179FAB0D2004F0F300ACE540 /* ViewController.swift */ = {isa = PBXFileReference; lastKnownFileType = sourcecode.swift; path = ViewController.swift; sourceTree = "<group>"; };
		179FAB102004F0F300ACE540 /* Base */ = {isa = PBXFileReference; lastKnownFileType = file.storyboard; name = Base; path = Base.lproj/Main.storyboard; sourceTree = "<group>"; };
		179FAB122004F0F300ACE540 /* Assets.xcassets */ = {isa = PBXFileReference; lastKnownFileType = folder.assetcatalog; path = Assets.xcassets; sourceTree = "<group>"; };
		179FAB152004F0F300ACE540 /* Base */ = {isa = PBXFileReference; lastKnownFileType = file.storyboard; name = Base; path = Base.lproj/LaunchScreen.storyboard; sourceTree = "<group>"; };
		179FAB172004F0F300ACE540 /* Info.plist */ = {isa = PBXFileReference; lastKnownFileType = text.plist.xml; path = Info.plist; sourceTree = "<group>"; };
		179FAB1C2004F0F300ACE540 /* FateExtraMemoTests.xctest */ = {isa = PBXFileReference; explicitFileType = wrapper.cfbundle; includeInIndex = 0; path = FateExtraMemoTests.xctest; sourceTree = BUILT_PRODUCTS_DIR; };
		179FAB202004F0F300ACE540 /* FateExtraMemoTests.swift */ = {isa = PBXFileReference; lastKnownFileType = sourcecode.swift; path = FateExtraMemoTests.swift; sourceTree = "<group>"; };
		179FAB222004F0F300ACE540 /* Info.plist */ = {isa = PBXFileReference; lastKnownFileType = text.plist.xml; path = Info.plist; sourceTree = "<group>"; };
		179FAB272004F0F300ACE540 /* FateExtraMemoUITests.xctest */ = {isa = PBXFileReference; explicitFileType = wrapper.cfbundle; includeInIndex = 0; path = FateExtraMemoUITests.xctest; sourceTree = BUILT_PRODUCTS_DIR; };
		179FAB2B2004F0F300ACE540 /* FateExtraMemoUITests.swift */ = {isa = PBXFileReference; lastKnownFileType = sourcecode.swift; path = FateExtraMemoUITests.swift; sourceTree = "<group>"; };
		179FAB2D2004F0F300ACE540 /* Info.plist */ = {isa = PBXFileReference; lastKnownFileType = text.plist.xml; path = Info.plist; sourceTree = "<group>"; };
		179FAB392004F19500ACE540 /* EnemiesTableViewController.swift */ = {isa = PBXFileReference; lastKnownFileType = sourcecode.swift; path = EnemiesTableViewController.swift; sourceTree = "<group>"; };
		179FAB3B2004F1EE00ACE540 /* EnemyRepository.swift */ = {isa = PBXFileReference; lastKnownFileType = sourcecode.swift; path = EnemyRepository.swift; sourceTree = "<group>"; };
		179FAB3D2004F21000ACE540 /* Emeny.swift */ = {isa = PBXFileReference; lastKnownFileType = sourcecode.swift; path = Emeny.swift; sourceTree = "<group>"; };
		179FAB3F2004F5CC00ACE540 /* EnemyViewController.swift */ = {isa = PBXFileReference; lastKnownFileType = sourcecode.swift; path = EnemyViewController.swift; sourceTree = "<group>"; };
		179FAB41200512E100ACE540 /* EnemyPatternsTableViewController.swift */ = {isa = PBXFileReference; lastKnownFileType = sourcecode.swift; path = EnemyPatternsTableViewController.swift; sourceTree = "<group>"; };
		179FAB432005131100ACE540 /* EnemyPatternsTableDetailViewController.swift */ = {isa = PBXFileReference; lastKnownFileType = sourcecode.swift; path = EnemyPatternsTableDetailViewController.swift; sourceTree = "<group>"; };
		179FAB452005132E00ACE540 /* AssociatedSegue.swift */ = {isa = PBXFileReference; lastKnownFileType = sourcecode.swift; path = AssociatedSegue.swift; sourceTree = "<group>"; };
		179FAB472005196100ACE540 /* Controller.storyboard */ = {isa = PBXFileReference; lastKnownFileType = file.storyboard; path = Controller.storyboard; sourceTree = "<group>"; };
		179FAB4A20051F9B00ACE540 /* ControllerViewController.swift */ = {isa = PBXFileReference; lastKnownFileType = sourcecode.swift; path = ControllerViewController.swift; sourceTree = "<group>"; };
		179FAB4C2005228E00ACE540 /* PatternCollectionViewController.swift */ = {isa = PBXFileReference; lastKnownFileType = sourcecode.swift; path = PatternCollectionViewController.swift; sourceTree = "<group>"; };
		179FAB4E200522A500ACE540 /* PatternCollection.storyboard */ = {isa = PBXFileReference; lastKnownFileType = file.storyboard; path = PatternCollection.storyboard; sourceTree = "<group>"; };
		179FAB512005231E00ACE540 /* PatternCollectionViewCell.swift */ = {isa = PBXFileReference; lastKnownFileType = sourcecode.swift; path = PatternCollectionViewCell.swift; sourceTree = "<group>"; };
/* End PBXFileReference section */

/* Begin PBXFrameworksBuildPhase section */
		179FAB052004F0F300ACE540 /* Frameworks */ = {
			isa = PBXFrameworksBuildPhase;
			buildActionMask = 2147483647;
			files = (
			);
			runOnlyForDeploymentPostprocessing = 0;
		};
		179FAB192004F0F300ACE540 /* Frameworks */ = {
			isa = PBXFrameworksBuildPhase;
			buildActionMask = 2147483647;
			files = (
			);
			runOnlyForDeploymentPostprocessing = 0;
		};
		179FAB242004F0F300ACE540 /* Frameworks */ = {
			isa = PBXFrameworksBuildPhase;
			buildActionMask = 2147483647;
			files = (
			);
			runOnlyForDeploymentPostprocessing = 0;
		};
/* End PBXFrameworksBuildPhase section */

/* Begin PBXGroup section */
		179FAAFF2004F0F300ACE540 = {
			isa = PBXGroup;
			children = (
				179FAB0A2004F0F300ACE540 /* FateExtraMemo */,
				179FAB1F2004F0F300ACE540 /* FateExtraMemoTests */,
				179FAB2A2004F0F300ACE540 /* FateExtraMemoUITests */,
				179FAB092004F0F300ACE540 /* Products */,
			);
			sourceTree = "<group>";
		};
		179FAB092004F0F300ACE540 /* Products */ = {
			isa = PBXGroup;
			children = (
				179FAB082004F0F300ACE540 /* FateExtraMemo.app */,
				179FAB1C2004F0F300ACE540 /* FateExtraMemoTests.xctest */,
				179FAB272004F0F300ACE540 /* FateExtraMemoUITests.xctest */,
			);
			name = Products;
			sourceTree = "<group>";
		};
		179FAB0A2004F0F300ACE540 /* FateExtraMemo */ = {
			isa = PBXGroup;
			children = (
				179FAB0B2004F0F300ACE540 /* AppDelegate.swift */,
				179FAB0D2004F0F300ACE540 /* ViewController.swift */,
				179FAB0F2004F0F300ACE540 /* Main.storyboard */,
				179FAB4920051F8200ACE540 /* Controller */,
				179FAB50200522EC00ACE540 /* PatternCollection */,
				179FAB122004F0F300ACE540 /* Assets.xcassets */,
				179FAB142004F0F300ACE540 /* LaunchScreen.storyboard */,
				179FAB172004F0F300ACE540 /* Info.plist */,
				179FAB392004F19500ACE540 /* EnemiesTableViewController.swift */,
				179FAB3F2004F5CC00ACE540 /* EnemyViewController.swift */,
				179FAB41200512E100ACE540 /* EnemyPatternsTableViewController.swift */,
				179FAB432005131100ACE540 /* EnemyPatternsTableDetailViewController.swift */,
				179FAB452005132E00ACE540 /* AssociatedSegue.swift */,
				179FAB3B2004F1EE00ACE540 /* EnemyRepository.swift */,
				179FAB3D2004F21000ACE540 /* Emeny.swift */,
			);
			path = FateExtraMemo;
			sourceTree = "<group>";
		};
		179FAB1F2004F0F300ACE540 /* FateExtraMemoTests */ = {
			isa = PBXGroup;
			children = (
				179FAB202004F0F300ACE540 /* FateExtraMemoTests.swift */,
				179FAB222004F0F300ACE540 /* Info.plist */,
			);
			path = FateExtraMemoTests;
			sourceTree = "<group>";
		};
		179FAB2A2004F0F300ACE540 /* FateExtraMemoUITests */ = {
			isa = PBXGroup;
			children = (
				179FAB2B2004F0F300ACE540 /* FateExtraMemoUITests.swift */,
				179FAB2D2004F0F300ACE540 /* Info.plist */,
			);
			path = FateExtraMemoUITests;
			sourceTree = "<group>";
		};
		179FAB4920051F8200ACE540 /* Controller */ = {
			isa = PBXGroup;
			children = (
				179FAB4A20051F9B00ACE540 /* ControllerViewController.swift */,
				179FAB472005196100ACE540 /* Controller.storyboard */,
			);
			path = Controller;
			sourceTree = "<group>";
		};
		179FAB50200522EC00ACE540 /* PatternCollection */ = {
			isa = PBXGroup;
			children = (
				179FAB4C2005228E00ACE540 /* PatternCollectionViewController.swift */,
				179FAB512005231E00ACE540 /* PatternCollectionViewCell.swift */,
				179FAB4E200522A500ACE540 /* PatternCollection.storyboard */,
			);
			path = PatternCollection;
			sourceTree = "<group>";
		};
/* End PBXGroup section */

/* Begin PBXNativeTarget section */
		179FAB072004F0F300ACE540 /* FateExtraMemo */ = {
			isa = PBXNativeTarget;
			buildConfigurationList = 179FAB302004F0F300ACE540 /* Build configuration list for PBXNativeTarget "FateExtraMemo" */;
			buildPhases = (
				179FAB042004F0F300ACE540 /* Sources */,
				179FAB052004F0F300ACE540 /* Frameworks */,
				179FAB062004F0F300ACE540 /* Resources */,
			);
			buildRules = (
			);
			dependencies = (
			);
			name = FateExtraMemo;
			productName = FateExtraMemo;
			productReference = 179FAB082004F0F300ACE540 /* FateExtraMemo.app */;
			productType = "com.apple.product-type.application";
		};
		179FAB1B2004F0F300ACE540 /* FateExtraMemoTests */ = {
			isa = PBXNativeTarget;
			buildConfigurationList = 179FAB332004F0F300ACE540 /* Build configuration list for PBXNativeTarget "FateExtraMemoTests" */;
			buildPhases = (
				179FAB182004F0F300ACE540 /* Sources */,
				179FAB192004F0F300ACE540 /* Frameworks */,
				179FAB1A2004F0F300ACE540 /* Resources */,
			);
			buildRules = (
			);
			dependencies = (
				179FAB1E2004F0F300ACE540 /* PBXTargetDependency */,
			);
			name = FateExtraMemoTests;
			productName = FateExtraMemoTests;
			productReference = 179FAB1C2004F0F300ACE540 /* FateExtraMemoTests.xctest */;
			productType = "com.apple.product-type.bundle.unit-test";
		};
		179FAB262004F0F300ACE540 /* FateExtraMemoUITests */ = {
			isa = PBXNativeTarget;
			buildConfigurationList = 179FAB362004F0F300ACE540 /* Build configuration list for PBXNativeTarget "FateExtraMemoUITests" */;
			buildPhases = (
				179FAB232004F0F300ACE540 /* Sources */,
				179FAB242004F0F300ACE540 /* Frameworks */,
				179FAB252004F0F300ACE540 /* Resources */,
			);
			buildRules = (
			);
			dependencies = (
				179FAB292004F0F300ACE540 /* PBXTargetDependency */,
			);
			name = FateExtraMemoUITests;
			productName = FateExtraMemoUITests;
			productReference = 179FAB272004F0F300ACE540 /* FateExtraMemoUITests.xctest */;
			productType = "com.apple.product-type.bundle.ui-testing";
		};
/* End PBXNativeTarget section */

/* Begin PBXProject section */
		179FAB002004F0F300ACE540 /* Project object */ = {
			isa = PBXProject;
			attributes = {
				LastSwiftUpdateCheck = 0920;
				LastUpgradeCheck = 0920;
				ORGANIZATIONNAME = hikaruna;
				TargetAttributes = {
					179FAB072004F0F300ACE540 = {
						CreatedOnToolsVersion = 9.2;
						ProvisioningStyle = Automatic;
					};
					179FAB1B2004F0F300ACE540 = {
						CreatedOnToolsVersion = 9.2;
						ProvisioningStyle = Automatic;
						TestTargetID = 179FAB072004F0F300ACE540;
					};
					179FAB262004F0F300ACE540 = {
						CreatedOnToolsVersion = 9.2;
						ProvisioningStyle = Automatic;
						TestTargetID = 179FAB072004F0F300ACE540;
					};
				};
			};
			buildConfigurationList = 179FAB032004F0F300ACE540 /* Build configuration list for PBXProject "FateExtraMemo" */;
			compatibilityVersion = "Xcode 8.0";
			developmentRegion = en;
			hasScannedForEncodings = 0;
			knownRegions = (
				en,
				Base,
			);
			mainGroup = 179FAAFF2004F0F300ACE540;
			productRefGroup = 179FAB092004F0F300ACE540 /* Products */;
			projectDirPath = "";
			projectRoot = "";
			targets = (
				179FAB072004F0F300ACE540 /* FateExtraMemo */,
				179FAB1B2004F0F300ACE540 /* FateExtraMemoTests */,
				179FAB262004F0F300ACE540 /* FateExtraMemoUITests */,
			);
		};
/* End PBXProject section */

/* Begin PBXResourcesBuildPhase section */
		179FAB062004F0F300ACE540 /* Resources */ = {
			isa = PBXResourcesBuildPhase;
			buildActionMask = 2147483647;
			files = (
				179FAB482005196100ACE540 /* Controller.storyboard in Resources */,
				179FAB162004F0F300ACE540 /* LaunchScreen.storyboard in Resources */,
				179FAB132004F0F300ACE540 /* Assets.xcassets in Resources */,
				179FAB4F200522A500ACE540 /* PatternCollection.storyboard in Resources */,
				179FAB112004F0F300ACE540 /* Main.storyboard in Resources */,
			);
			runOnlyForDeploymentPostprocessing = 0;
		};
		179FAB1A2004F0F300ACE540 /* Resources */ = {
			isa = PBXResourcesBuildPhase;
			buildActionMask = 2147483647;
			files = (
			);
			runOnlyForDeploymentPostprocessing = 0;
		};
		179FAB252004F0F300ACE540 /* Resources */ = {
			isa = PBXResourcesBuildPhase;
			buildActionMask = 2147483647;
			files = (
			);
			runOnlyForDeploymentPostprocessing = 0;
		};
/* End PBXResourcesBuildPhase section */

/* Begin PBXSourcesBuildPhase section */
		179FAB042004F0F300ACE540 /* Sources */ = {
			isa = PBXSourcesBuildPhase;
			buildActionMask = 2147483647;
			files = (
				179FAB522005231E00ACE540 /* PatternCollectionViewCell.swift in Sources */,
				179FAB442005131100ACE540 /* EnemyPatternsTableDetailViewController.swift in Sources */,
				179FAB0E2004F0F300ACE540 /* ViewController.swift in Sources */,
				179FAB4B20051F9B00ACE540 /* ControllerViewController.swift in Sources */,
				179FAB402004F5CC00ACE540 /* EnemyViewController.swift in Sources */,
				179FAB0C2004F0F300ACE540 /* AppDelegate.swift in Sources */,
				179FAB3E2004F21000ACE540 /* Emeny.swift in Sources */,
				179FAB3C2004F1EE00ACE540 /* EnemyRepository.swift in Sources */,
				179FAB42200512E100ACE540 /* EnemyPatternsTableViewController.swift in Sources */,
				179FAB3A2004F19500ACE540 /* EnemiesTableViewController.swift in Sources */,
				179FAB462005132E00ACE540 /* AssociatedSegue.swift in Sources */,
				179FAB4D2005228E00ACE540 /* PatternCollectionViewController.swift in Sources */,
			);
			runOnlyForDeploymentPostprocessing = 0;
		};
		179FAB182004F0F300ACE540 /* Sources */ = {
			isa = PBXSourcesBuildPhase;
			buildActionMask = 2147483647;
			files = (
				179FAB212004F0F300ACE540 /* FateExtraMemoTests.swift in Sources */,
			);
			runOnlyForDeploymentPostprocessing = 0;
		};
		179FAB232004F0F300ACE540 /* Sources */ = {
			isa = PBXSourcesBuildPhase;
			buildActionMask = 2147483647;
			files = (
				179FAB2C2004F0F300ACE540 /* FateExtraMemoUITests.swift in Sources */,
			);
			runOnlyForDeploymentPostprocessing = 0;
		};
/* End PBXSourcesBuildPhase section */

/* Begin PBXTargetDependency section */
		179FAB1E2004F0F300ACE540 /* PBXTargetDependency */ = {
			isa = PBXTargetDependency;
			target = 179FAB072004F0F300ACE540 /* FateExtraMemo */;
			targetProxy = 179FAB1D2004F0F300ACE540 /* PBXContainerItemProxy */;
		};
		179FAB292004F0F300ACE540 /* PBXTargetDependency */ = {
			isa = PBXTargetDependency;
			target = 179FAB072004F0F300ACE540 /* FateExtraMemo */;
			targetProxy = 179FAB282004F0F300ACE540 /* PBXContainerItemProxy */;
		};
/* End PBXTargetDependency section */

/* Begin PBXVariantGroup section */
		179FAB0F2004F0F300ACE540 /* Main.storyboard */ = {
			isa = PBXVariantGroup;
			children = (
				179FAB102004F0F300ACE540 /* Base */,
			);
			name = Main.storyboard;
			sourceTree = "<group>";
		};
		179FAB142004F0F300ACE540 /* LaunchScreen.storyboard */ = {
			isa = PBXVariantGroup;
			children = (
				179FAB152004F0F300ACE540 /* Base */,
			);
			name = LaunchScreen.storyboard;
			sourceTree = "<group>";
		};
/* End PBXVariantGroup section */

/* Begin XCBuildConfiguration section */
		179FAB2E2004F0F300ACE540 /* Debug */ = {
			isa = XCBuildConfiguration;
			buildSettings = {
				ALWAYS_SEARCH_USER_PATHS = NO;
				CLANG_ANALYZER_NONNULL = YES;
				CLANG_ANALYZER_NUMBER_OBJECT_CONVERSION = YES_AGGRESSIVE;
				CLANG_CXX_LANGUAGE_STANDARD = "gnu++14";
				CLANG_CXX_LIBRARY = "libc++";
				CLANG_ENABLE_MODULES = YES;
				CLANG_ENABLE_OBJC_ARC = YES;
				CLANG_WARN_BLOCK_CAPTURE_AUTORELEASING = YES;
				CLANG_WARN_BOOL_CONVERSION = YES;
				CLANG_WARN_COMMA = YES;
				CLANG_WARN_CONSTANT_CONVERSION = YES;
				CLANG_WARN_DIRECT_OBJC_ISA_USAGE = YES_ERROR;
				CLANG_WARN_DOCUMENTATION_COMMENTS = YES;
				CLANG_WARN_EMPTY_BODY = YES;
				CLANG_WARN_ENUM_CONVERSION = YES;
				CLANG_WARN_INFINITE_RECURSION = YES;
				CLANG_WARN_INT_CONVERSION = YES;
				CLANG_WARN_NON_LITERAL_NULL_CONVERSION = YES;
				CLANG_WARN_OBJC_LITERAL_CONVERSION = YES;
				CLANG_WARN_OBJC_ROOT_CLASS = YES_ERROR;
				CLANG_WARN_RANGE_LOOP_ANALYSIS = YES;
				CLANG_WARN_STRICT_PROTOTYPES = YES;
				CLANG_WARN_SUSPICIOUS_MOVE = YES;
				CLANG_WARN_UNGUARDED_AVAILABILITY = YES_AGGRESSIVE;
				CLANG_WARN_UNREACHABLE_CODE = YES;
				CLANG_WARN__DUPLICATE_METHOD_MATCH = YES;
				CODE_SIGN_IDENTITY = "iPhone Developer";
				COPY_PHASE_STRIP = NO;
				DEBUG_INFORMATION_FORMAT = dwarf;
				ENABLE_STRICT_OBJC_MSGSEND = YES;
				ENABLE_TESTABILITY = YES;
				GCC_C_LANGUAGE_STANDARD = gnu11;
				GCC_DYNAMIC_NO_PIC = NO;
				GCC_NO_COMMON_BLOCKS = YES;
				GCC_OPTIMIZATION_LEVEL = 0;
				GCC_PREPROCESSOR_DEFINITIONS = (
					"DEBUG=1",
					"$(inherited)",
				);
				GCC_WARN_64_TO_32_BIT_CONVERSION = YES;
				GCC_WARN_ABOUT_RETURN_TYPE = YES_ERROR;
				GCC_WARN_UNDECLARED_SELECTOR = YES;
				GCC_WARN_UNINITIALIZED_AUTOS = YES_AGGRESSIVE;
				GCC_WARN_UNUSED_FUNCTION = YES;
				GCC_WARN_UNUSED_VARIABLE = YES;
				IPHONEOS_DEPLOYMENT_TARGET = 11.2;
				MTL_ENABLE_DEBUG_INFO = YES;
				ONLY_ACTIVE_ARCH = YES;
				SDKROOT = iphoneos;
				SWIFT_ACTIVE_COMPILATION_CONDITIONS = DEBUG;
				SWIFT_OPTIMIZATION_LEVEL = "-Onone";
			};
			name = Debug;
		};
		179FAB2F2004F0F300ACE540 /* Release */ = {
			isa = XCBuildConfiguration;
			buildSettings = {
				ALWAYS_SEARCH_USER_PATHS = NO;
				CLANG_ANALYZER_NONNULL = YES;
				CLANG_ANALYZER_NUMBER_OBJECT_CONVERSION = YES_AGGRESSIVE;
				CLANG_CXX_LANGUAGE_STANDARD = "gnu++14";
				CLANG_CXX_LIBRARY = "libc++";
				CLANG_ENABLE_MODULES = YES;
				CLANG_ENABLE_OBJC_ARC = YES;
				CLANG_WARN_BLOCK_CAPTURE_AUTORELEASING = YES;
				CLANG_WARN_BOOL_CONVERSION = YES;
				CLANG_WARN_COMMA = YES;
				CLANG_WARN_CONSTANT_CONVERSION = YES;
				CLANG_WARN_DIRECT_OBJC_ISA_USAGE = YES_ERROR;
				CLANG_WARN_DOCUMENTATION_COMMENTS = YES;
				CLANG_WARN_EMPTY_BODY = YES;
				CLANG_WARN_ENUM_CONVERSION = YES;
				CLANG_WARN_INFINITE_RECURSION = YES;
				CLANG_WARN_INT_CONVERSION = YES;
				CLANG_WARN_NON_LITERAL_NULL_CONVERSION = YES;
				CLANG_WARN_OBJC_LITERAL_CONVERSION = YES;
				CLANG_WARN_OBJC_ROOT_CLASS = YES_ERROR;
				CLANG_WARN_RANGE_LOOP_ANALYSIS = YES;
				CLANG_WARN_STRICT_PROTOTYPES = YES;
				CLANG_WARN_SUSPICIOUS_MOVE = YES;
				CLANG_WARN_UNGUARDED_AVAILABILITY = YES_AGGRESSIVE;
				CLANG_WARN_UNREACHABLE_CODE = YES;
				CLANG_WARN__DUPLICATE_METHOD_MATCH = YES;
				CODE_SIGN_IDENTITY = "iPhone Developer";
				COPY_PHASE_STRIP = NO;
				DEBUG_INFORMATION_FORMAT = "dwarf-with-dsym";
				ENABLE_NS_ASSERTIONS = NO;
				ENABLE_STRICT_OBJC_MSGSEND = YES;
				GCC_C_LANGUAGE_STANDARD = gnu11;
				GCC_NO_COMMON_BLOCKS = YES;
				GCC_WARN_64_TO_32_BIT_CONVERSION = YES;
				GCC_WARN_ABOUT_RETURN_TYPE = YES_ERROR;
				GCC_WARN_UNDECLARED_SELECTOR = YES;
				GCC_WARN_UNINITIALIZED_AUTOS = YES_AGGRESSIVE;
				GCC_WARN_UNUSED_FUNCTION = YES;
				GCC_WARN_UNUSED_VARIABLE = YES;
				IPHONEOS_DEPLOYMENT_TARGET = 11.2;
				MTL_ENABLE_DEBUG_INFO = NO;
				SDKROOT = iphoneos;
				SWIFT_OPTIMIZATION_LEVEL = "-Owholemodule";
				VALIDATE_PRODUCT = YES;
			};
			name = Release;
		};
		179FAB312004F0F300ACE540 /* Debug */ = {
			isa = XCBuildConfiguration;
			buildSettings = {
				ASSETCATALOG_COMPILER_APPICON_NAME = AppIcon;
				CODE_SIGN_STYLE = Automatic;
				DEVELOPMENT_TEAM = 298FQQ63QX;
				INFOPLIST_FILE = FateExtraMemo/Info.plist;
				IPHONEOS_DEPLOYMENT_TARGET = 10.3;
				LD_RUNPATH_SEARCH_PATHS = "$(inherited) @executable_path/Frameworks";
				PRODUCT_BUNDLE_IDENTIFIER = net.hikaruna.FateExtraMemo;
				PRODUCT_NAME = "$(TARGET_NAME)";
				SWIFT_VERSION = 4.0;
				TARGETED_DEVICE_FAMILY = "1,2";
			};
			name = Debug;
		};
		179FAB322004F0F300ACE540 /* Release */ = {
			isa = XCBuildConfiguration;
			buildSettings = {
				ASSETCATALOG_COMPILER_APPICON_NAME = AppIcon;
				CODE_SIGN_STYLE = Automatic;
				DEVELOPMENT_TEAM = 298FQQ63QX;
				INFOPLIST_FILE = FateExtraMemo/Info.plist;
				IPHONEOS_DEPLOYMENT_TARGET = 10.3;
				LD_RUNPATH_SEARCH_PATHS = "$(inherited) @executable_path/Frameworks";
				PRODUCT_BUNDLE_IDENTIFIER = net.hikaruna.FateExtraMemo;
				PRODUCT_NAME = "$(TARGET_NAME)";
				SWIFT_VERSION = 4.0;
				TARGETED_DEVICE_FAMILY = "1,2";
			};
			name = Release;
		};
		179FAB342004F0F300ACE540 /* Debug */ = {
			isa = XCBuildConfiguration;
			buildSettings = {
				ALWAYS_EMBED_SWIFT_STANDARD_LIBRARIES = YES;
				BUNDLE_LOADER = "$(TEST_HOST)";
				CODE_SIGN_STYLE = Automatic;
				DEVELOPMENT_TEAM = 298FQQ63QX;
				INFOPLIST_FILE = FateExtraMemoTests/Info.plist;
				LD_RUNPATH_SEARCH_PATHS = "$(inherited) @executable_path/Frameworks @loader_path/Frameworks";
				PRODUCT_BUNDLE_IDENTIFIER = net.hikaruna.FateExtraMemoTests;
				PRODUCT_NAME = "$(TARGET_NAME)";
				SWIFT_VERSION = 4.0;
				TARGETED_DEVICE_FAMILY = "1,2";
				TEST_HOST = "$(BUILT_PRODUCTS_DIR)/FateExtraMemo.app/FateExtraMemo";
			};
			name = Debug;
		};
		179FAB352004F0F300ACE540 /* Release */ = {
			isa = XCBuildConfiguration;
			buildSettings = {
				ALWAYS_EMBED_SWIFT_STANDARD_LIBRARIES = YES;
				BUNDLE_LOADER = "$(TEST_HOST)";
				CODE_SIGN_STYLE = Automatic;
				DEVELOPMENT_TEAM = 298FQQ63QX;
				INFOPLIST_FILE = FateExtraMemoTests/Info.plist;
				LD_RUNPATH_SEARCH_PATHS = "$(inherited) @executable_path/Frameworks @loader_path/Frameworks";
				PRODUCT_BUNDLE_IDENTIFIER = net.hikaruna.FateExtraMemoTests;
				PRODUCT_NAME = "$(TARGET_NAME)";
				SWIFT_VERSION = 4.0;
				TARGETED_DEVICE_FAMILY = "1,2";
				TEST_HOST = "$(BUILT_PRODUCTS_DIR)/FateExtraMemo.app/FateExtraMemo";
			};
			name = Release;
		};
		179FAB372004F0F300ACE540 /* Debug */ = {
			isa = XCBuildConfiguration;
			buildSettings = {
				ALWAYS_EMBED_SWIFT_STANDARD_LIBRARIES = YES;
				CODE_SIGN_STYLE = Automatic;
				DEVELOPMENT_TEAM = 298FQQ63QX;
				INFOPLIST_FILE = FateExtraMemoUITests/Info.plist;
				LD_RUNPATH_SEARCH_PATHS = "$(inherited) @executable_path/Frameworks @loader_path/Frameworks";
				PRODUCT_BUNDLE_IDENTIFIER = net.hikaruna.FateExtraMemoUITests;
				PRODUCT_NAME = "$(TARGET_NAME)";
				SWIFT_VERSION = 4.0;
				TARGETED_DEVICE_FAMILY = "1,2";
				TEST_TARGET_NAME = FateExtraMemo;
			};
			name = Debug;
		};
		179FAB382004F0F300ACE540 /* Release */ = {
			isa = XCBuildConfiguration;
			buildSettings = {
				ALWAYS_EMBED_SWIFT_STANDARD_LIBRARIES = YES;
				CODE_SIGN_STYLE = Automatic;
				DEVELOPMENT_TEAM = 298FQQ63QX;
				INFOPLIST_FILE = FateExtraMemoUITests/Info.plist;
				LD_RUNPATH_SEARCH_PATHS = "$(inherited) @executable_path/Frameworks @loader_path/Frameworks";
				PRODUCT_BUNDLE_IDENTIFIER = net.hikaruna.FateExtraMemoUITests;
				PRODUCT_NAME = "$(TARGET_NAME)";
				SWIFT_VERSION = 4.0;
				TARGETED_DEVICE_FAMILY = "1,2";
				TEST_TARGET_NAME = FateExtraMemo;
			};
			name = Release;
		};
/* End XCBuildConfiguration section */

/* Begin XCConfigurationList section */
		179FAB032004F0F300ACE540 /* Build configuration list for PBXProject "FateExtraMemo" */ = {
			isa = XCConfigurationList;
			buildConfigurations = (
				179FAB2E2004F0F300ACE540 /* Debug */,
				179FAB2F2004F0F300ACE540 /* Release */,
			);
			defaultConfigurationIsVisible = 0;
			defaultConfigurationName = Release;
		};
		179FAB302004F0F300ACE540 /* Build configuration list for PBXNativeTarget "FateExtraMemo" */ = {
			isa = XCConfigurationList;
			buildConfigurations = (
				179FAB312004F0F300ACE540 /* Debug */,
				179FAB322004F0F300ACE540 /* Release */,
			);
			defaultConfigurationIsVisible = 0;
			defaultConfigurationName = Release;
		};
		179FAB332004F0F300ACE540 /* Build configuration list for PBXNativeTarget "FateExtraMemoTests" */ = {
			isa = XCConfigurationList;
			buildConfigurations = (
				179FAB342004F0F300ACE540 /* Debug */,
				179FAB352004F0F300ACE540 /* Release */,
			);
			defaultConfigurationIsVisible = 0;
			defaultConfigurationName = Release;
		};
		179FAB362004F0F300ACE540 /* Build configuration list for PBXNativeTarget "FateExtraMemoUITests" */ = {
			isa = XCConfigurationList;
			buildConfigurations = (
				179FAB372004F0F300ACE540 /* Debug */,
				179FAB382004F0F300ACE540 /* Release */,
			);
			defaultConfigurationIsVisible = 0;
			defaultConfigurationName = Release;
		};
/* End XCConfigurationList section */
	};
	rootObject = 179FAB002004F0F300ACE540 /* Project object */;
}
